
Microsoft Visual Studio Solution File, Format Version 12.00
# Visual Studio Version 17
VisualStudioVersion = 17.0.32112.339
MinimumVisualStudioVersion = 10.0.40219.1
Project("{9A19103F-16F7-4668-BE54-9A1E7A4F7556}") = "XtramileWeather.App", "XtramileWeather\XtramileWeather.App.csproj", "{4218553B-F857-4A26-AA05-F8119578C696}"
EndProject
Project("{FAE04EC0-301F-11D3-BF4B-00C04F79EFBC}") = "XtramileWeather.Core", "XtramileWeather.Core\XtramileWeather.Core.csproj", "{0C0B6253-C377-4A0E-B359-A61594155CDF}"
EndProject
Project("{FAE04EC0-301F-11D3-BF4B-00C04F79EFBC}") = "XtramileWeather.Service", "XtramileWeather.Service\XtramileWeather.Service.csproj", "{B1233D4B-3F94-4A0B-9E5A-0AD6365EF0C7}"
EndProject
Project("{FAE04EC0-301F-11D3-BF4B-00C04F79EFBC}") = "XtramileWeather.Test", "XtramileWeather.Test\XtramileWeather.Test.csproj", "{A1867E26-498D-445B-882E-96585ABEF82C}"
EndProject
Global
	GlobalSection(SolutionConfigurationPlatforms) = preSolution
		Debug|Any CPU = Debug|Any CPU
		Release|Any CPU = Release|Any CPU
	EndGlobalSection
	GlobalSection(ProjectConfigurationPlatforms) = postSolution
		{4218553B-F857-4A26-AA05-F8119578C696}.Debug|Any CPU.ActiveCfg = Debug|Any CPU
		{4218553B-F857-4A26-AA05-F8119578C696}.Debug|Any CPU.Build.0 = Debug|Any CPU
		{4218553B-F857-4A26-AA05-F8119578C696}.Release|Any CPU.ActiveCfg = Release|Any CPU
		{4218553B-F857-4A26-AA05-F8119578C696}.Release|Any CPU.Build.0 = Release|Any CPU
		{0C0B6253-C377-4A0E-B359-A61594155CDF}.Debug|Any CPU.ActiveCfg = Debug|Any CPU
		{0C0B6253-C377-4A0E-B359-A61594155CDF}.Debug|Any CPU.Build.0 = Debug|Any CPU
		{0C0B6253-C377-4A0E-B359-A61594155CDF}.Release|Any CPU.ActiveCfg = Release|Any CPU
		{0C0B6253-C377-4A0E-B359-A61594155CDF}.Release|Any CPU.Build.0 = Release|Any CPU
		{B1233D4B-3F94-4A0B-9E5A-0AD6365EF0C7}.Debug|Any CPU.ActiveCfg = Debug|Any CPU
		{B1233D4B-3F94-4A0B-9E5A-0AD6365EF0C7}.Debug|Any CPU.Build.0 = Debug|Any CPU
		{B1233D4B-3F94-4A0B-9E5A-0AD6365EF0C7}.Release|Any CPU.ActiveCfg = Release|Any CPU
		{B1233D4B-3F94-4A0B-9E5A-0AD6365EF0C7}.Release|Any CPU.Build.0 = Release|Any CPU
		{A1867E26-498D-445B-882E-96585ABEF82C}.Debug|Any CPU.ActiveCfg = Debug|Any CPU
		{A1867E26-498D-445B-882E-96585ABEF82C}.Debug|Any CPU.Build.0 = Debug|Any CPU
		{A1867E26-498D-445B-882E-96585ABEF82C}.Release|Any CPU.ActiveCfg = Release|Any CPU
		{A1867E26-498D-445B-882E-96585ABEF82C}.Release|Any CPU.Build.0 = Release|Any CPU
	EndGlobalSection
	GlobalSection(SolutionProperties) = preSolution
		HideSolutionNode = FALSE
	EndGlobalSection
	GlobalSection(ExtensibilityGlobals) = postSolution
		SolutionGuid = {B6E0ABE8-1FEA-46D0-A9AC-BDD6E4400DB7}
	EndGlobalSection
EndGlobal
